
Microsoft Visual Studio Solution File, Format Version 12.00
# Visual Studio 15
VisualStudioVersion = 15.0.28307.421
MinimumVisualStudioVersion = 10.0.40219.1
Project("{FAE04EC0-301F-11D3-BF4B-00C04F79EFBC}") = "Tutorial1", "Tutorial1\Tutorial1.csproj", "{59E6718B-B815-485D-A01E-0F3D63DEE8C2}"
EndProject
Global
	GlobalSection(SolutionConfigurationPlatforms) = preSolution
		Debug|Any CPU = Debug|Any CPU
		Release|Any CPU = Release|Any CPU
	EndGlobalSection
	GlobalSection(ProjectConfigurationPlatforms) = postSolution
		{59E6718B-B815-485D-A01E-0F3D63DEE8C2}.Debug|Any CPU.ActiveCfg = Debug|Any CPU
		{59E6718B-B815-485D-A01E-0F3D63DEE8C2}.Debug|Any CPU.Build.0 = Debug|Any CPU
		{59E6718B-B815-485D-A01E-0F3D63DEE8C2}.Release|Any CPU.ActiveCfg = Release|Any CPU
		{59E6718B-B815-485D-A01E-0F3D63DEE8C2}.Release|Any CPU.Build.0 = Release|Any CPU
	EndGlobalSection
	GlobalSection(SolutionProperties) = preSolution
		HideSolutionNode = FALSE
	EndGlobalSection
	GlobalSection(ExtensibilityGlobals) = postSolution
		SolutionGuid = {F6EFABA6-0D5E-4C2F-88E5-B73FEB4B72D7}
	EndGlobalSection
EndGlobal
